schema: '2.0'
stages:
  prepare:
    cmd: python src/prepare.py
    deps:
    - path: data/raw/dataset.csv
      hash: md5
      md5: bc4ac8437ab6ab96541d8351f5409c6d
      size: 580744768
    - path: params.yaml
      hash: md5
      md5: ae7b7e94248894dc5e0ff493927214f9
      size: 767
    - path: src/prepare.py
      hash: md5
      md5: 1cd5778f463967ae412e704ad6c8b5d1
      size: 1606
    outs:
    - path: data/processed/test.csv
      hash: md5
      md5: 5ec4ed5a482abadda4042088b7985d6f
      size: 57320773
    - path: data/processed/train.csv
      hash: md5
      md5: d57cbc19f2051459ae9f8c35e88de9f0
      size: 412701621
    - path: data/processed/val.csv
      hash: md5
      md5: b639d7556277440f0bfc0e6dd86f33e8
      size: 103177408
  train:
    cmd: python src/train.py
    deps:
    - path: data/processed/test.csv
      hash: md5
      md5: 5ec4ed5a482abadda4042088b7985d6f
      size: 57320773
    - path: data/processed/train.csv
      hash: md5
      md5: d57cbc19f2051459ae9f8c35e88de9f0
      size: 412701621
    - path: data/processed/val.csv
      hash: md5
      md5: b639d7556277440f0bfc0e6dd86f33e8
      size: 103177408
    - path: params.yaml
      hash: md5
      md5: ae7b7e94248894dc5e0ff493927214f9
      size: 767
    - path: src/train.py
      hash: md5
      md5: 346cdf6567543aae8a94899aad5c31af
      size: 1825
    outs:
    - path: models/s_learner.pkl
      hash: md5
      md5: fb2afca6b87ac98a4051dbd9efd72460
      size: 362848
    - path: models/t_learner.pkl
      hash: md5
      md5: 49ff602049ed5277959133a58bc04517
      size: 590056
    - path: models/tarnet_learner.pth
      hash: md5
      md5: f0627564650f9ad8035204188d510af7
      size: 40245
  evaluate:
    cmd: python src/evaluate.py
    deps:
    - path: data/processed/test.csv
      hash: md5
      md5: 5ec4ed5a482abadda4042088b7985d6f
      size: 57320773
    - path: data/processed/train.csv
      hash: md5
      md5: d57cbc19f2051459ae9f8c35e88de9f0
      size: 412701621
    - path: data/processed/val.csv
      hash: md5
      md5: b639d7556277440f0bfc0e6dd86f33e8
      size: 103177408
    - path: params.yaml
      hash: md5
      md5: ae7b7e94248894dc5e0ff493927214f9
      size: 767
    - path: src/evaluate.py
      hash: md5
      md5: 433822c8f7eb5f68055180692eb77dc8
      size: 4183
    outs:
    - path: reports/qini_curve_S-Learner.png
      hash: md5
      md5: aebc580acd702a1f08150a53dcae0897
      size: 32658
    - path: reports/qini_curve_T-Learner.png
      hash: md5
      md5: 53d924c02a547db493bc3270a658a954
      size: 32831
    - path: reports/qini_curve_TarNet.png
      hash: md5
      md5: 8621de21085ccd80fa8da98b0404c667
      size: 33526
    - path: reports/results.json
      hash: md5
      md5: 0c7ae6b463943531499232c41f3e47dd
      size: 819
